// !$*UTF8*$!
{
	archiveVersion = 1;
	classes = {
	};
	objectVersion = 50;
	objects = {

/* Begin PBXBuildFile section */
		4FFCEA5726315DA200B29792 /* AppDelegate.m in Sources */ = {isa = PBXBuildFile; fileRef = 4FFCEA5626315DA200B29792 /* AppDelegate.m */; };
		4FFCEA5A26315DA200B29792 /* SceneDelegate.m in Sources */ = {isa = PBXBuildFile; fileRef = 4FFCEA5926315DA200B29792 /* SceneDelegate.m */; };
		4FFCEA5D26315DA200B29792 /* ViewController.m in Sources */ = {isa = PBXBuildFile; fileRef = 4FFCEA5C26315DA200B29792 /* ViewController.m */; };
		4FFCEA6026315DA200B29792 /* Main.storyboard in Resources */ = {isa = PBXBuildFile; fileRef = 4FFCEA5E26315DA200B29792 /* Main.storyboard */; };
		4FFCEA6226315DA400B29792 /* Assets.xcassets in Resources */ = {isa = PBXBuildFile; fileRef = 4FFCEA6126315DA400B29792 /* Assets.xcassets */; };
		4FFCEA6526315DA400B29792 /* LaunchScreen.storyboard in Resources */ = {isa = PBXBuildFile; fileRef = 4FFCEA6326315DA400B29792 /* LaunchScreen.storyboard */; };
		4FFCEA6826315DA400B29792 /* main.m in Sources */ = {isa = PBXBuildFile; fileRef = 4FFCEA6726315DA400B29792 /* main.m */; };
		4FFCEA7126315DCA00B29792 /* CustomKeyboard.m in Sources */ = {isa = PBXBuildFile; fileRef = 4FFCEA7026315DCA00B29792 /* CustomKeyboard.m */; };
/* End PBXBuildFile section */

/* Begin PBXCopyFilesBuildPhase section */
		4FFCEA79263165A400B29792 /* Embed Frameworks */ = {
			isa = PBXCopyFilesBuildPhase;
			buildActionMask = 2147483647;
			dstPath = "";
			dstSubfolderSpec = 10;
			files = (
			);
			name = "Embed Frameworks";
			runOnlyForDeploymentPostprocessing = 0;
		};
/* End PBXCopyFilesBuildPhase section */

/* Begin PBXFileReference section */
		4FFCEA5226315DA200B29792 /* DetoxKeyboards.app */ = {isa = PBXFileReference; explicitFileType = wrapper.application; includeInIndex = 0; path = DetoxKeyboards.app; sourceTree = BUILT_PRODUCTS_DIR; };
		4FFCEA5526315DA200B29792 /* AppDelegate.h */ = {isa = PBXFileReference; lastKnownFileType = sourcecode.c.h; path = AppDelegate.h; sourceTree = "<group>"; };
		4FFCEA5626315DA200B29792 /* AppDelegate.m */ = {isa = PBXFileReference; lastKnownFileType = sourcecode.c.objc; path = AppDelegate.m; sourceTree = "<group>"; };
		4FFCEA5826315DA200B29792 /* SceneDelegate.h */ = {isa = PBXFileReference; lastKnownFileType = sourcecode.c.h; path = SceneDelegate.h; sourceTree = "<group>"; };
		4FFCEA5926315DA200B29792 /* SceneDelegate.m */ = {isa = PBXFileReference; lastKnownFileType = sourcecode.c.objc; path = SceneDelegate.m; sourceTree = "<group>"; };
		4FFCEA5B26315DA200B29792 /* ViewController.h */ = {isa = PBXFileReference; lastKnownFileType = sourcecode.c.h; path = ViewController.h; sourceTree = "<group>"; };
		4FFCEA5C26315DA200B29792 /* ViewController.m */ = {isa = PBXFileReference; lastKnownFileType = sourcecode.c.objc; path = ViewController.m; sourceTree = "<group>"; };
		4FFCEA5F26315DA200B29792 /* Base */ = {isa = PBXFileReference; lastKnownFileType = file.storyboard; name = Base; path = Base.lproj/Main.storyboard; sourceTree = "<group>"; };
		4FFCEA6126315DA400B29792 /* Assets.xcassets */ = {isa = PBXFileReference; lastKnownFileType = folder.assetcatalog; path = Assets.xcassets; sourceTree = "<group>"; };
		4FFCEA6426315DA400B29792 /* Base */ = {isa = PBXFileReference; lastKnownFileType = file.storyboard; name = Base; path = Base.lproj/LaunchScreen.storyboard; sourceTree = "<group>"; };
		4FFCEA6626315DA400B29792 /* Info.plist */ = {isa = PBXFileReference; lastKnownFileType = text.plist.xml; path = Info.plist; sourceTree = "<group>"; };
		4FFCEA6726315DA400B29792 /* main.m */ = {isa = PBXFileReference; lastKnownFileType = sourcecode.c.objc; path = main.m; sourceTree = "<group>"; };
		4FFCEA6F26315DCA00B29792 /* CustomKeyboard.h */ = {isa = PBXFileReference; lastKnownFileType = sourcecode.c.h; path = CustomKeyboard.h; sourceTree = "<group>"; };
		4FFCEA7026315DCA00B29792 /* CustomKeyboard.m */ = {isa = PBXFileReference; lastKnownFileType = sourcecode.c.objc; path = CustomKeyboard.m; sourceTree = "<group>"; };
/* End PBXFileReference section */

/* Begin PBXFrameworksBuildPhase section */
		4FFCEA4F26315DA200B29792 /* Frameworks */ = {
			isa = PBXFrameworksBuildPhase;
			buildActionMask = 2147483647;
			files = (
			);
			runOnlyForDeploymentPostprocessing = 0;
		};
/* End PBXFrameworksBuildPhase section */

/* Begin PBXGroup section */
		4FFCEA4926315DA200B29792 = {
			isa = PBXGroup;
			children = (
				4FFCEA5426315DA200B29792 /* DetoxKeyboards */,
				4FFCEA5326315DA200B29792 /* Products */,
			);
			sourceTree = "<group>";
		};
		4FFCEA5326315DA200B29792 /* Products */ = {
			isa = PBXGroup;
			children = (
				4FFCEA5226315DA200B29792 /* DetoxKeyboards.app */,
			);
			name = Products;
			sourceTree = "<group>";
		};
		4FFCEA5426315DA200B29792 /* DetoxKeyboards */ = {
			isa = PBXGroup;
			children = (
				4FFCEA5526315DA200B29792 /* AppDelegate.h */,
				4FFCEA5626315DA200B29792 /* AppDelegate.m */,
				4FFCEA5826315DA200B29792 /* SceneDelegate.h */,
				4FFCEA5926315DA200B29792 /* SceneDelegate.m */,
				4FFCEA5B26315DA200B29792 /* ViewController.h */,
				4FFCEA5C26315DA200B29792 /* ViewController.m */,
				4FFCEA6F26315DCA00B29792 /* CustomKeyboard.h */,
				4FFCEA7026315DCA00B29792 /* CustomKeyboard.m */,
				4FFCEA5E26315DA200B29792 /* Main.storyboard */,
				4FFCEA6126315DA400B29792 /* Assets.xcassets */,
				4FFCEA6326315DA400B29792 /* LaunchScreen.storyboard */,
				4FFCEA6626315DA400B29792 /* Info.plist */,
				4FFCEA6726315DA400B29792 /* main.m */,
			);
			path = DetoxKeyboards;
			sourceTree = "<group>";
		};
/* End PBXGroup section */

/* Begin PBXNativeTarget section */
		4FFCEA5126315DA200B29792 /* DetoxKeyboards */ = {
			isa = PBXNativeTarget;
			buildConfigurationList = 4FFCEA6B26315DA400B29792 /* Build configuration list for PBXNativeTarget "DetoxKeyboards" */;
			buildPhases = (
				4FFCEA4E26315DA200B29792 /* Sources */,
				4FFCEA4F26315DA200B29792 /* Frameworks */,
				4FFCEA5026315DA200B29792 /* Resources */,
				4FFCEA79263165A400B29792 /* Embed Frameworks */,
			);
			buildRules = (
			);
			dependencies = (
			);
			name = DetoxKeyboards;
			productName = DetoxKeyboards;
			productReference = 4FFCEA5226315DA200B29792 /* DetoxKeyboards.app */;
			productType = "com.apple.product-type.application";
		};
/* End PBXNativeTarget section */

/* Begin PBXProject section */
		4FFCEA4A26315DA200B29792 /* Project object */ = {
			isa = PBXProject;
			attributes = {
				LastUpgradeCheck = 1240;
				TargetAttributes = {
					4FFCEA5126315DA200B29792 = {
						CreatedOnToolsVersion = 12.4;
					};
				};
			};
			buildConfigurationList = 4FFCEA4D26315DA200B29792 /* Build configuration list for PBXProject "DetoxKeyboards" */;
			compatibilityVersion = "Xcode 9.3";
			developmentRegion = en;
			hasScannedForEncodings = 0;
			knownRegions = (
				en,
				Base,
			);
			mainGroup = 4FFCEA4926315DA200B29792;
			productRefGroup = 4FFCEA5326315DA200B29792 /* Products */;
			projectDirPath = "";
			projectRoot = "";
			targets = (
				4FFCEA5126315DA200B29792 /* DetoxKeyboards */,
			);
		};
/* End PBXProject section */

/* Begin PBXResourcesBuildPhase section */
		4FFCEA5026315DA200B29792 /* Resources */ = {
			isa = PBXResourcesBuildPhase;
			buildActionMask = 2147483647;
			files = (
				4FFCEA6526315DA400B29792 /* LaunchScreen.storyboard in Resources */,
				4FFCEA6226315DA400B29792 /* Assets.xcassets in Resources */,
				4FFCEA6026315DA200B29792 /* Main.storyboard in Resources */,
			);
			runOnlyForDeploymentPostprocessing = 0;
		};
/* End PBXResourcesBuildPhase section */

/* Begin PBXSourcesBuildPhase section */
		4FFCEA4E26315DA200B29792 /* Sources */ = {
			isa = PBXSourcesBuildPhase;
			buildActionMask = 2147483647;
			files = (
				4FFCEA5D26315DA200B29792 /* ViewController.m in Sources */,
				4FFCEA5726315DA200B29792 /* AppDelegate.m in Sources */,
				4FFCEA7126315DCA00B29792 /* CustomKeyboard.m in Sources */,
				4FFCEA6826315DA400B29792 /* main.m in Sources */,
				4FFCEA5A26315DA200B29792 /* SceneDelegate.m in Sources */,
			);
			runOnlyForDeploymentPostprocessing = 0;
		};
/* End PBXSourcesBuildPhase section */

/* Begin PBXVariantGroup section */
		4FFCEA5E26315DA200B29792 /* Main.storyboard */ = {
			isa = PBXVariantGroup;
			children = (
				4FFCEA5F26315DA200B29792 /* Base */,
			);
			name = Main.storyboard;
			sourceTree = "<group>";
		};
		4FFCEA6326315DA400B29792 /* LaunchScreen.storyboard */ = {
			isa = PBXVariantGroup;
			children = (
				4FFCEA6426315DA400B29792 /* Base */,
			);
			name = LaunchScreen.storyboard;
			sourceTree = "<group>";
		};
/* End PBXVariantGroup section */

/* Begin XCBuildConfiguration section */
		4FFCEA6926315DA400B29792 /* Debug */ = {
			isa = XCBuildConfiguration;
			buildSettings = {
				ALWAYS_SEARCH_USER_PATHS = NO;
				CLANG_ANALYZER_NONNULL = YES;
				CLANG_ANALYZER_NUMBER_OBJECT_CONVERSION = YES_AGGRESSIVE;
				CLANG_CXX_LANGUAGE_STANDARD = "gnu++14";
				CLANG_CXX_LIBRARY = "libc++";
				CLANG_ENABLE_MODULES = YES;
				CLANG_ENABLE_OBJC_ARC = YES;
				CLANG_ENABLE_OBJC_WEAK = YES;
				CLANG_WARN_BLOCK_CAPTURE_AUTORELEASING = YES;
				CLANG_WARN_BOOL_CONVERSION = YES;
				CLANG_WARN_COMMA = YES;
				CLANG_WARN_CONSTANT_CONVERSION = YES;
				CLANG_WARN_DEPRECATED_OBJC_IMPLEMENTATIONS = YES;
				CLANG_WARN_DIRECT_OBJC_ISA_USAGE = YES_ERROR;
				CLANG_WARN_DOCUMENTATION_COMMENTS = YES;
				CLANG_WARN_EMPTY_BODY = YES;
				CLANG_WARN_ENUM_CONVERSION = YES;
				CLANG_WARN_INFINITE_RECURSION = YES;
				CLANG_WARN_INT_CONVERSION = YES;
				CLANG_WARN_NON_LITERAL_NULL_CONVERSION = YES;
				CLANG_WARN_OBJC_IMPLICIT_RETAIN_SELF = YES;
				CLANG_WARN_OBJC_LITERAL_CONVERSION = YES;
				CLANG_WARN_OBJC_ROOT_CLASS = YES_ERROR;
				CLANG_WARN_QUOTED_INCLUDE_IN_FRAMEWORK_HEADER = YES;
				CLANG_WARN_RANGE_LOOP_ANALYSIS = YES;
				CLANG_WARN_STRICT_PROTOTYPES = YES;
				CLANG_WARN_SUSPICIOUS_MOVE = YES;
				CLANG_WARN_UNGUARDED_AVAILABILITY = YES_AGGRESSIVE;
				CLANG_WARN_UNREACHABLE_CODE = YES;
				CLANG_WARN__DUPLICATE_METHOD_MATCH = YES;
				COPY_PHASE_STRIP = NO;
				DEBUG_INFORMATION_FORMAT = dwarf;
				ENABLE_STRICT_OBJC_MSGSEND = YES;
				ENABLE_TESTABILITY = YES;
				GCC_C_LANGUAGE_STANDARD = gnu11;
				GCC_DYNAMIC_NO_PIC = NO;
				GCC_NO_COMMON_BLOCKS = YES;
				GCC_OPTIMIZATION_LEVEL = 0;
				GCC_PREPROCESSOR_DEFINITIONS = (
					"DEBUG=1",
					"$(inherited)",
				);
				GCC_WARN_64_TO_32_BIT_CONVERSION = YES;
				GCC_WARN_ABOUT_RETURN_TYPE = YES_ERROR;
				GCC_WARN_UNDECLARED_SELECTOR = YES;
				GCC_WARN_UNINITIALIZED_AUTOS = YES_AGGRESSIVE;
				GCC_WARN_UNUSED_FUNCTION = YES;
				GCC_WARN_UNUSED_VARIABLE = YES;
				IPHONEOS_DEPLOYMENT_TARGET = 14.4;
				MTL_ENABLE_DEBUG_INFO = INCLUDE_SOURCE;
				MTL_FAST_MATH = YES;
				ONLY_ACTIVE_ARCH = YES;
				SDKROOT = iphoneos;
			};
			name = Debug;
		};
		4FFCEA6A26315DA400B29792 /* Release */ = {
			isa = XCBuildConfiguration;
			buildSettings = {
				ALWAYS_SEARCH_USER_PATHS = NO;
				CLANG_ANALYZER_NONNULL = YES;
				CLANG_ANALYZER_NUMBER_OBJECT_CONVERSION = YES_AGGRESSIVE;
				CLANG_CXX_LANGUAGE_STANDARD = "gnu++14";
				CLANG_CXX_LIBRARY = "libc++";
				CLANG_ENABLE_MODULES = YES;
				CLANG_ENABLE_OBJC_ARC = YES;
				CLANG_ENABLE_OBJC_WEAK = YES;
				CLANG_WARN_BLOCK_CAPTURE_AUTORELEASING = YES;
				CLANG_WARN_BOOL_CONVERSION = YES;
				CLANG_WARN_COMMA = YES;
				CLANG_WARN_CONSTANT_CONVERSION = YES;
				CLANG_WARN_DEPRECATED_OBJC_IMPLEMENTATIONS = YES;
				CLANG_WARN_DIRECT_OBJC_ISA_USAGE = YES_ERROR;
				CLANG_WARN_DOCUMENTATION_COMMENTS = YES;
				CLANG_WARN_EMPTY_BODY = YES;
				CLANG_WARN_ENUM_CONVERSION = YES;
				CLANG_WARN_INFINITE_RECURSION = YES;
				CLANG_WARN_INT_CONVERSION = YES;
				CLANG_WARN_NON_LITERAL_NULL_CONVERSION = YES;
				CLANG_WARN_OBJC_IMPLICIT_RETAIN_SELF = YES;
				CLANG_WARN_OBJC_LITERAL_CONVERSION = YES;
				CLANG_WARN_OBJC_ROOT_CLASS = YES_ERROR;
				CLANG_WARN_QUOTED_INCLUDE_IN_FRAMEWORK_HEADER = YES;
				CLANG_WARN_RANGE_LOOP_ANALYSIS = YES;
				CLANG_WARN_STRICT_PROTOTYPES = YES;
				CLANG_WARN_SUSPICIOUS_MOVE = YES;
				CLANG_WARN_UNGUARDED_AVAILABILITY = YES_AGGRESSIVE;
				CLANG_WARN_UNREACHABLE_CODE = YES;
				CLANG_WARN__DUPLICATE_METHOD_MATCH = YES;
				COPY_PHASE_STRIP = NO;
				DEBUG_INFORMATION_FORMAT = "dwarf-with-dsym";
				ENABLE_NS_ASSERTIONS = NO;
				ENABLE_STRICT_OBJC_MSGSEND = YES;
				GCC_C_LANGUAGE_STANDARD = gnu11;
				GCC_NO_COMMON_BLOCKS = YES;
				GCC_WARN_64_TO_32_BIT_CONVERSION = YES;
				GCC_WARN_ABOUT_RETURN_TYPE = YES_ERROR;
				GCC_WARN_UNDECLARED_SELECTOR = YES;
				GCC_WARN_UNINITIALIZED_AUTOS = YES_AGGRESSIVE;
				GCC_WARN_UNUSED_FUNCTION = YES;
				GCC_WARN_UNUSED_VARIABLE = YES;
				IPHONEOS_DEPLOYMENT_TARGET = 14.4;
				MTL_ENABLE_DEBUG_INFO = NO;
				MTL_FAST_MATH = YES;
				SDKROOT = iphoneos;
				VALIDATE_PRODUCT = YES;
			};
			name = Release;
		};
		4FFCEA6C26315DA400B29792 /* Debug */ = {
			isa = XCBuildConfiguration;
			buildSettings = {
				ASSETCATALOG_COMPILER_APPICON_NAME = AppIcon;
				ASSETCATALOG_COMPILER_GLOBAL_ACCENT_COLOR_NAME = AccentColor;
				CODE_SIGN_STYLE = Automatic;
				DEVELOPMENT_TEAM = 2H6A9KAW7V;
				FRAMEWORK_SEARCH_PATHS = (
					"$(inherited)",
					"$(PROJECT_DIR)/node_modules/detox/Detox-ios",
				);
				INFOPLIST_FILE = DetoxKeyboards/Info.plist;
				LD_RUNPATH_SEARCH_PATHS = (
					"$(inherited)",
					"@executable_path/Frameworks",
				);
				PRODUCT_BUNDLE_IDENTIFIER = au.com.sportsbet.DetoxKeyboards;
				PRODUCT_NAME = "$(TARGET_NAME)";
				TARGETED_DEVICE_FAMILY = "1,2";
			};
			name = Debug;
		};
		4FFCEA6D26315DA400B29792 /* Release */ = {
			isa = XCBuildConfiguration;
			buildSettings = {
				ASSETCATALOG_COMPILER_APPICON_NAME = AppIcon;
				ASSETCATALOG_COMPILER_GLOBAL_ACCENT_COLOR_NAME = AccentColor;
				CODE_SIGN_STYLE = Automatic;
				DEVELOPMENT_TEAM = 2H6A9KAW7V;
				FRAMEWORK_SEARCH_PATHS = (
					"$(inherited)",
					"$(PROJECT_DIR)/node_modules/detox/Detox-ios",
				);
				INFOPLIST_FILE = DetoxKeyboards/Info.plist;
				LD_RUNPATH_SEARCH_PATHS = (
					"$(inherited)",
					"@executable_path/Frameworks",
				);
				PRODUCT_BUNDLE_IDENTIFIER = au.com.sportsbet.DetoxKeyboards;
				PRODUCT_NAME = "$(TARGET_NAME)";
				TARGETED_DEVICE_FAMILY = "1,2";
			};
			name = Release;
		};
/* End XCBuildConfiguration section */

/* Begin XCConfigurationList section */
		4FFCEA4D26315DA200B29792 /* Build configuration list for PBXProject "DetoxKeyboards" */ = {
			isa = XCConfigurationList;
			buildConfigurations = (
				4FFCEA6926315DA400B29792 /* Debug */,
				4FFCEA6A26315DA400B29792 /* Release */,
			);
			defaultConfigurationIsVisible = 0;
			defaultConfigurationName = Release;
		};
		4FFCEA6B26315DA400B29792 /* Build configuration list for PBXNativeTarget "DetoxKeyboards" */ = {
			isa = XCConfigurationList;
			buildConfigurations = (
				4FFCEA6C26315DA400B29792 /* Debug */,
				4FFCEA6D26315DA400B29792 /* Release */,
			);
			defaultConfigurationIsVisible = 0;
			defaultConfigurationName = Release;
		};
/* End XCConfigurationList section */
	};
	rootObject = 4FFCEA4A26315DA200B29792 /* Project object */;
}
